
Microsoft Visual Studio Solution File, Format Version 12.00
# Visual Studio Version 17
VisualStudioVersion = 17.5.33530.505
MinimumVisualStudioVersion = 10.0.40219.1
Project("{FAE04EC0-301F-11D3-BF4B-00C04F79EFBC}") = "MonitoringLibrary", "MonitoringLibrary\MonitoringLibrary.csproj", "{FEBC72D0-6824-41F6-A5EE-815E9CDD7ED7}"
EndProject
Project("{FAE04EC0-301F-11D3-BF4B-00C04F79EFBC}") = "MonitoringApp", "MonitoringApp\MonitoringApp.csproj", "{C27293AC-EDCC-4D0A-9B72-7B93EF06D1BF}"
EndProject
Global
	GlobalSection(SolutionConfigurationPlatforms) = preSolution
		Debug|Any CPU = Debug|Any CPU
		Release|Any CPU = Release|Any CPU
	EndGlobalSection
	GlobalSection(ProjectConfigurationPlatforms) = postSolution
		{FEBC72D0-6824-41F6-A5EE-815E9CDD7ED7}.Debug|Any CPU.ActiveCfg = Debug|Any CPU
		{FEBC72D0-6824-41F6-A5EE-815E9CDD7ED7}.Debug|Any CPU.Build.0 = Debug|Any CPU
		{FEBC72D0-6824-41F6-A5EE-815E9CDD7ED7}.Release|Any CPU.ActiveCfg = Release|Any CPU
		{FEBC72D0-6824-41F6-A5EE-815E9CDD7ED7}.Release|Any CPU.Build.0 = Release|Any CPU
		{C27293AC-EDCC-4D0A-9B72-7B93EF06D1BF}.Debug|Any CPU.ActiveCfg = Debug|Any CPU
		{C27293AC-EDCC-4D0A-9B72-7B93EF06D1BF}.Debug|Any CPU.Build.0 = Debug|Any CPU
		{C27293AC-EDCC-4D0A-9B72-7B93EF06D1BF}.Release|Any CPU.ActiveCfg = Release|Any CPU
		{C27293AC-EDCC-4D0A-9B72-7B93EF06D1BF}.Release|Any CPU.Build.0 = Release|Any CPU
	EndGlobalSection
	GlobalSection(SolutionProperties) = preSolution
		HideSolutionNode = FALSE
	EndGlobalSection
	GlobalSection(ExtensibilityGlobals) = postSolution
		SolutionGuid = {D5EF07ED-CF35-4DBE-AB20-0A83E0DB1F53}
	EndGlobalSection
EndGlobal
